// !$*UTF8*$!
{
	archiveVersion = 1;
	classes = {
	};
	objectVersion = 46;
	objects = {

/* Begin PBXBuildFile section */
		5B572235A751A3627E0BBACE /* utilities.cpp in Sources */ = {isa = PBXBuildFile; fileRef = 5B57249EA5172C55ED4EE6EB /* utilities.cpp */; };
		5B57235735853BE14F418B6F /* libboost_program_options.dylib in Frameworks */ = {isa = PBXBuildFile; fileRef = 5B572298888D3E486EB36330 /* libboost_program_options.dylib */; };
		5B5723651DD4E981AD313DB0 /* libboost_timer-mt.dylib in Frameworks */ = {isa = PBXBuildFile; fileRef = 5B57237B6626F9DE9B6EF6BA /* libboost_timer-mt.dylib */; };
		5B5724AA47B7227333973B1C /* libboost_timer-mt.a in Frameworks */ = {isa = PBXBuildFile; fileRef = 5B57219B051C90579DDE72B7 /* libboost_timer-mt.a */; };
		5B5724FAA1EF0E4D11CA1578 /* FileSystemWalker.cpp in Sources */ = {isa = PBXBuildFile; fileRef = 5B572540AAB124F1CBD3071D /* FileSystemWalker.cpp */; };
		5B57253060DA061E9F27615E /* libboost_timer.dylib in Frameworks */ = {isa = PBXBuildFile; fileRef = 5B572ED19EBC586E55FBAE94 /* libboost_timer.dylib */; };
		5B572579EE2E61455FDDA074 /* libboost_thread-mt.dylib in Frameworks */ = {isa = PBXBuildFile; fileRef = 5B572F9FD47FAC824EF10BF2 /* libboost_thread-mt.dylib */; };
		5B5727346A2B44D55D542752 /* libboost_filesystem-mt.dylib in Frameworks */ = {isa = PBXBuildFile; fileRef = 5B5724C2A387FFB4CD201385 /* libboost_filesystem-mt.dylib */; };
		5B5727F710869F254AB0E3F7 /* DatabaseBuilder.cpp in Sources */ = {isa = PBXBuildFile; fileRef = 5B5723E2E4F63A190AEF02F6 /* DatabaseBuilder.cpp */; };
		5B57280F1C2DDBDDC279CC29 /* ThreadPool.cpp in Sources */ = {isa = PBXBuildFile; fileRef = 5B5728EB9DE83B27AA0C2DF6 /* ThreadPool.cpp */; };
		5B57284BC0646A4F6A107AAB /* libboost_program_options-mt.dylib in Frameworks */ = {isa = PBXBuildFile; fileRef = 5B5721DDD51C747B9F49D59A /* libboost_program_options-mt.dylib */; };
		5B57288D05089C8BE4DF5EBA /* libboost_thread-mt.a in Frameworks */ = {isa = PBXBuildFile; fileRef = 5B5728897E11350131BE1478 /* libboost_thread-mt.a */; };
		5B5728ED6EFD43486E516125 /* updatedb.cpp in Sources */ = {isa = PBXBuildFile; fileRef = 5B57225545A661897FC6F48D /* updatedb.cpp */; };
		5B5729613D12A6F4F2399D04 /* libboost_filesystem-mt.a in Frameworks */ = {isa = PBXBuildFile; fileRef = 5B5722B747EC378FB36DCF3C /* libboost_filesystem-mt.a */; };
		5B572B2DE3B74841E3FEDB43 /* libboost_filesystem.dylib in Frameworks */ = {isa = PBXBuildFile; fileRef = 5B572CB513337F4ECBC1F52A /* libboost_filesystem.dylib */; };
		5B572C2E2BCA752B94118413 /* libboost_filesystem.a in Frameworks */ = {isa = PBXBuildFile; fileRef = 5B5722474625BD24C7C0A54E /* libboost_filesystem.a */; };
		5B572C8D8A0FD4301324824B /* SuffixIterator.cpp in Sources */ = {isa = PBXBuildFile; fileRef = 5B572852CE7C5C387F31FB2D /* SuffixIterator.cpp */; };
		5B572D4EE3B596D247F0C438 /* libboost_system.dylib in Frameworks */ = {isa = PBXBuildFile; fileRef = 5B572FB9455133DAAA8DEE8C /* libboost_system.dylib */; };
		5B572D53C3A8F87CBAD2EF81 /* libboost_system.a in Frameworks */ = {isa = PBXBuildFile; fileRef = 5B57242E59885376F7A26E94 /* libboost_system.a */; };
		5B572D82338F054F28787F3C /* libboost_program_options-mt.a in Frameworks */ = {isa = PBXBuildFile; fileRef = 5B57243F662DA41F41508057 /* libboost_program_options-mt.a */; };
		5B572DA26255B369B1F001FB /* libboost_program_options.a in Frameworks */ = {isa = PBXBuildFile; fileRef = 5B57230EDF4D43E8A356A921 /* libboost_program_options.a */; };
		5B572F737EF47349D3289ACB /* libboost_timer.a in Frameworks */ = {isa = PBXBuildFile; fileRef = 5B572B7B328A8EA37A4EC4BD /* libboost_timer.a */; };
/* End PBXBuildFile section */

/* Begin PBXCopyFilesBuildPhase section */
		5B572EBD0647222AAE850519 /* CopyFiles */ = {
			isa = PBXCopyFilesBuildPhase;
			buildActionMask = 2147483647;
			dstPath = /usr/share/man/man1/;
			dstSubfolderSpec = 0;
			files = (
			);
			runOnlyForDeploymentPostprocessing = 1;
		};
/* End PBXCopyFilesBuildPhase section */

/* Begin PBXFileReference section */
		5B5720676D0E1D6F3F694942 /* SuffixIterator.hpp */ = {isa = PBXFileReference; fileEncoding = 4; lastKnownFileType = sourcecode.cpp.h; path = SuffixIterator.hpp; sourceTree = "<group>"; };
		5B57219B051C90579DDE72B7 /* libboost_timer-mt.a */ = {isa = PBXFileReference; lastKnownFileType = archive.ar; name = "libboost_timer-mt.a"; path = "/usr/local/Cellar/boost/1.55.0_1/lib/libboost_timer-mt.a"; sourceTree = "<absolute>"; };
		5B5721B19AFD3DAD5C0668DB /* utilities.hpp */ = {isa = PBXFileReference; fileEncoding = 4; lastKnownFileType = sourcecode.cpp.h; path = utilities.hpp; sourceTree = "<group>"; };
		5B5721DDD51C747B9F49D59A /* libboost_program_options-mt.dylib */ = {isa = PBXFileReference; lastKnownFileType = "compiled.mach-o.dylib"; name = "libboost_program_options-mt.dylib"; path = "/usr/local/Cellar/boost/1.55.0_1/lib/libboost_program_options-mt.dylib"; sourceTree = "<absolute>"; };
		5B5722474625BD24C7C0A54E /* libboost_filesystem.a */ = {isa = PBXFileReference; lastKnownFileType = archive.ar; name = libboost_filesystem.a; path = /usr/local/Cellar/boost/1.55.0_1/lib/libboost_filesystem.a; sourceTree = "<absolute>"; };
		5B57225545A661897FC6F48D /* updatedb.cpp */ = {isa = PBXFileReference; fileEncoding = 4; lastKnownFileType = sourcecode.cpp.cpp; path = updatedb.cpp; sourceTree = "<group>"; };
		5B572298888D3E486EB36330 /* libboost_program_options.dylib */ = {isa = PBXFileReference; lastKnownFileType = "compiled.mach-o.dylib"; name = libboost_program_options.dylib; path = /usr/local/Cellar/boost/1.55.0_1/lib/libboost_program_options.dylib; sourceTree = "<absolute>"; };
		5B5722B747EC378FB36DCF3C /* libboost_filesystem-mt.a */ = {isa = PBXFileReference; lastKnownFileType = archive.ar; name = "libboost_filesystem-mt.a"; path = "/usr/local/Cellar/boost/1.55.0_1/lib/libboost_filesystem-mt.a"; sourceTree = "<absolute>"; };
		5B57230EDF4D43E8A356A921 /* libboost_program_options.a */ = {isa = PBXFileReference; lastKnownFileType = archive.ar; name = libboost_program_options.a; path = /usr/local/Cellar/boost/1.55.0_1/lib/libboost_program_options.a; sourceTree = "<absolute>"; };
		5B57237B6626F9DE9B6EF6BA /* libboost_timer-mt.dylib */ = {isa = PBXFileReference; lastKnownFileType = "compiled.mach-o.dylib"; name = "libboost_timer-mt.dylib"; path = "/usr/local/Cellar/boost/1.55.0_1/lib/libboost_timer-mt.dylib"; sourceTree = "<absolute>"; };
		5B5723E2E4F63A190AEF02F6 /* DatabaseBuilder.cpp */ = {isa = PBXFileReference; fileEncoding = 4; lastKnownFileType = sourcecode.cpp.cpp; path = DatabaseBuilder.cpp; sourceTree = "<group>"; };
		5B5723FA43ED7EB4094996F4 /* FileSystemWalker.hpp */ = {isa = PBXFileReference; fileEncoding = 4; lastKnownFileType = sourcecode.cpp.h; path = FileSystemWalker.hpp; sourceTree = "<group>"; };
		5B57242E59885376F7A26E94 /* libboost_system.a */ = {isa = PBXFileReference; lastKnownFileType = archive.ar; name = libboost_system.a; path = /usr/local/Cellar/boost/1.55.0_1/lib/libboost_system.a; sourceTree = "<absolute>"; };
		5B57243F662DA41F41508057 /* libboost_program_options-mt.a */ = {isa = PBXFileReference; lastKnownFileType = archive.ar; name = "libboost_program_options-mt.a"; path = "/usr/local/Cellar/boost/1.55.0_1/lib/libboost_program_options-mt.a"; sourceTree = "<absolute>"; };
		5B57249EA5172C55ED4EE6EB /* utilities.cpp */ = {isa = PBXFileReference; fileEncoding = 4; lastKnownFileType = sourcecode.cpp.cpp; path = utilities.cpp; sourceTree = "<group>"; };
		5B5724C2A387FFB4CD201385 /* libboost_filesystem-mt.dylib */ = {isa = PBXFileReference; lastKnownFileType = "compiled.mach-o.dylib"; name = "libboost_filesystem-mt.dylib"; path = "/usr/local/Cellar/boost/1.55.0_1/lib/libboost_filesystem-mt.dylib"; sourceTree = "<absolute>"; };
		5B572540AAB124F1CBD3071D /* FileSystemWalker.cpp */ = {isa = PBXFileReference; fileEncoding = 4; lastKnownFileType = sourcecode.cpp.cpp; path = FileSystemWalker.cpp; sourceTree = "<group>"; };
		5B57258FB771567F0D320E7E /* DatabaseBuilder.hpp */ = {isa = PBXFileReference; fileEncoding = 4; lastKnownFileType = sourcecode.cpp.h; path = DatabaseBuilder.hpp; sourceTree = "<group>"; };
		5B572852CE7C5C387F31FB2D /* SuffixIterator.cpp */ = {isa = PBXFileReference; fileEncoding = 4; lastKnownFileType = sourcecode.cpp.cpp; path = SuffixIterator.cpp; sourceTree = "<group>"; };
		5B5728897E11350131BE1478 /* libboost_thread-mt.a */ = {isa = PBXFileReference; lastKnownFileType = archive.ar; name = "libboost_thread-mt.a"; path = "/usr/local/Cellar/boost/1.55.0_1/lib/libboost_thread-mt.a"; sourceTree = "<absolute>"; };
		5B5728EB9DE83B27AA0C2DF6 /* ThreadPool.cpp */ = {isa = PBXFileReference; fileEncoding = 4; lastKnownFileType = sourcecode.cpp.cpp; path = ThreadPool.cpp; sourceTree = "<group>"; };
		5B572B21D76470713CD56B58 /* ThreadPool.hpp */ = {isa = PBXFileReference; fileEncoding = 4; lastKnownFileType = sourcecode.cpp.h; path = ThreadPool.hpp; sourceTree = "<group>"; };
		5B572B7B328A8EA37A4EC4BD /* libboost_timer.a */ = {isa = PBXFileReference; lastKnownFileType = archive.ar; name = libboost_timer.a; path = /usr/local/Cellar/boost/1.55.0_1/lib/libboost_timer.a; sourceTree = "<absolute>"; };
		5B572CB513337F4ECBC1F52A /* libboost_filesystem.dylib */ = {isa = PBXFileReference; lastKnownFileType = "compiled.mach-o.dylib"; name = libboost_filesystem.dylib; path = /usr/local/Cellar/boost/1.55.0_1/lib/libboost_filesystem.dylib; sourceTree = "<absolute>"; };
		5B572ED19EBC586E55FBAE94 /* libboost_timer.dylib */ = {isa = PBXFileReference; lastKnownFileType = "compiled.mach-o.dylib"; name = libboost_timer.dylib; path = /usr/local/Cellar/boost/1.55.0_1/lib/libboost_timer.dylib; sourceTree = "<absolute>"; };
		5B572F9FD47FAC824EF10BF2 /* libboost_thread-mt.dylib */ = {isa = PBXFileReference; lastKnownFileType = "compiled.mach-o.dylib"; name = "libboost_thread-mt.dylib"; path = "/usr/local/Cellar/boost/1.55.0_1/lib/libboost_thread-mt.dylib"; sourceTree = "<absolute>"; };
		5B572FA19929641EAFBA5FC8 /* locate.cpp */ = {isa = PBXFileReference; fileEncoding = 4; lastKnownFileType = sourcecode.cpp.cpp; path = locate.cpp; sourceTree = "<group>"; };
		5B572FB9455133DAAA8DEE8C /* libboost_system.dylib */ = {isa = PBXFileReference; lastKnownFileType = "compiled.mach-o.dylib"; name = libboost_system.dylib; path = /usr/local/Cellar/boost/1.55.0_1/lib/libboost_system.dylib; sourceTree = "<absolute>"; };
/* End PBXFileReference section */

/* Begin PBXFrameworksBuildPhase section */
		5B57222D62016183CD43D708 /* Frameworks */ = {
			isa = PBXFrameworksBuildPhase;
			buildActionMask = 2147483647;
			files = (
				5B5729613D12A6F4F2399D04 /* libboost_filesystem-mt.a in Frameworks */,
				5B5727346A2B44D55D542752 /* libboost_filesystem-mt.dylib in Frameworks */,
				5B572C2E2BCA752B94118413 /* libboost_filesystem.a in Frameworks */,
				5B572B2DE3B74841E3FEDB43 /* libboost_filesystem.dylib in Frameworks */,
				5B572D82338F054F28787F3C /* libboost_program_options-mt.a in Frameworks */,
				5B57284BC0646A4F6A107AAB /* libboost_program_options-mt.dylib in Frameworks */,
				5B572DA26255B369B1F001FB /* libboost_program_options.a in Frameworks */,
				5B57235735853BE14F418B6F /* libboost_program_options.dylib in Frameworks */,
				5B572D53C3A8F87CBAD2EF81 /* libboost_system.a in Frameworks */,
				5B572D4EE3B596D247F0C438 /* libboost_system.dylib in Frameworks */,
				5B57288D05089C8BE4DF5EBA /* libboost_thread-mt.a in Frameworks */,
				5B572579EE2E61455FDDA074 /* libboost_thread-mt.dylib in Frameworks */,
				5B5724AA47B7227333973B1C /* libboost_timer-mt.a in Frameworks */,
				5B5723651DD4E981AD313DB0 /* libboost_timer-mt.dylib in Frameworks */,
				5B572F737EF47349D3289ACB /* libboost_timer.a in Frameworks */,
				5B57253060DA061E9F27615E /* libboost_timer.dylib in Frameworks */,
			);
			runOnlyForDeploymentPostprocessing = 0;
		};
/* End PBXFrameworksBuildPhase section */

/* Begin PBXGroup section */
		5B572017FF9B336F550B2715 /* Products */ = {
			isa = PBXGroup;
			children = (
			);
			name = Products;
			sourceTree = "<group>";
		};
		5B572432D02640C1D874964F /* Frameworks */ = {
			isa = PBXGroup;
			children = (
				5B5722B747EC378FB36DCF3C /* libboost_filesystem-mt.a */,
				5B5724C2A387FFB4CD201385 /* libboost_filesystem-mt.dylib */,
				5B5722474625BD24C7C0A54E /* libboost_filesystem.a */,
				5B572CB513337F4ECBC1F52A /* libboost_filesystem.dylib */,
				5B57243F662DA41F41508057 /* libboost_program_options-mt.a */,
				5B5721DDD51C747B9F49D59A /* libboost_program_options-mt.dylib */,
				5B57230EDF4D43E8A356A921 /* libboost_program_options.a */,
				5B572298888D3E486EB36330 /* libboost_program_options.dylib */,
				5B57242E59885376F7A26E94 /* libboost_system.a */,
				5B572FB9455133DAAA8DEE8C /* libboost_system.dylib */,
				5B5728897E11350131BE1478 /* libboost_thread-mt.a */,
				5B572F9FD47FAC824EF10BF2 /* libboost_thread-mt.dylib */,
				5B57219B051C90579DDE72B7 /* libboost_timer-mt.a */,
				5B57237B6626F9DE9B6EF6BA /* libboost_timer-mt.dylib */,
				5B572B7B328A8EA37A4EC4BD /* libboost_timer.a */,
				5B572ED19EBC586E55FBAE94 /* libboost_timer.dylib */,
			);
			name = Frameworks;
			sourceTree = "<group>";
		};
		5B5724F3B294E2E0FE66EC6D /* LocateUpdate */ = {
			isa = PBXGroup;
			children = (
				5B5723E2E4F63A190AEF02F6 /* DatabaseBuilder.cpp */,
				5B57258FB771567F0D320E7E /* DatabaseBuilder.hpp */,
				5B572540AAB124F1CBD3071D /* FileSystemWalker.cpp */,
				5B5723FA43ED7EB4094996F4 /* FileSystemWalker.hpp */,
				5B572FA19929641EAFBA5FC8 /* locate.cpp */,
				5B5728EB9DE83B27AA0C2DF6 /* ThreadPool.cpp */,
				5B572B21D76470713CD56B58 /* ThreadPool.hpp */,
				5B57225545A661897FC6F48D /* updatedb.cpp */,
				5B5721B19AFD3DAD5C0668DB /* utilities.hpp */,
				5B572852CE7C5C387F31FB2D /* SuffixIterator.cpp */,
				5B5720676D0E1D6F3F694942 /* SuffixIterator.hpp */,
				5B57249EA5172C55ED4EE6EB /* utilities.cpp */,
			);
			path = LocateUpdate;
			sourceTree = "<group>";
		};
		5B5727CDDEFEA6A764009411 = {
			isa = PBXGroup;
			children = (
				5B572017FF9B336F550B2715 /* Products */,
				5B5724F3B294E2E0FE66EC6D /* LocateUpdate */,
				5B572432D02640C1D874964F /* Frameworks */,
			);
			sourceTree = "<group>";
		};
/* End PBXGroup section */

/* Begin PBXNativeTarget section */
		5B5720E269DBE00555C79BD7 /* LocateUpdate */ = {
			isa = PBXNativeTarget;
			buildConfigurationList = 5B572488CA51086C67ED64CD /* Build configuration list for PBXNativeTarget "LocateUpdate" */;
			buildPhases = (
				5B5724193BBB9C35C7ADEAC5 /* Sources */,
				5B57222D62016183CD43D708 /* Frameworks */,
				5B572EBD0647222AAE850519 /* CopyFiles */,
			);
			buildRules = (
			);
			dependencies = (
			);
			name = LocateUpdate;
			productName = LocateUpdate;
			productType = "com.apple.product-type.tool";
		};
/* End PBXNativeTarget section */

/* Begin PBXProject section */
		5B5721A36BCFECBD9433533C /* Project object */ = {
			isa = PBXProject;
			attributes = {
				ORGANIZATIONNAME = spbau;
			};
			buildConfigurationList = 5B5720FDAA753A739B0C0825 /* Build configuration list for PBXProject "LocateUpdate" */;
			compatibilityVersion = "Xcode 3.2";
			developmentRegion = English;
			hasScannedForEncodings = 0;
			knownRegions = (
				en,
			);
			mainGroup = 5B5727CDDEFEA6A764009411;
			productRefGroup = 5B572017FF9B336F550B2715 /* Products */;
			projectDirPath = "";
			projectRoot = "";
			targets = (
				5B5720E269DBE00555C79BD7 /* LocateUpdate */,
			);
		};
/* End PBXProject section */

/* Begin PBXSourcesBuildPhase section */
		5B5724193BBB9C35C7ADEAC5 /* Sources */ = {
			isa = PBXSourcesBuildPhase;
			buildActionMask = 2147483647;
			files = (
				5B5727F710869F254AB0E3F7 /* DatabaseBuilder.cpp in Sources */,
				5B5724FAA1EF0E4D11CA1578 /* FileSystemWalker.cpp in Sources */,
				5B57280F1C2DDBDDC279CC29 /* ThreadPool.cpp in Sources */,
				5B5728ED6EFD43486E516125 /* updatedb.cpp in Sources */,
				5B572C8D8A0FD4301324824B /* SuffixIterator.cpp in Sources */,
				5B572235A751A3627E0BBACE /* utilities.cpp in Sources */,
			);
			runOnlyForDeploymentPostprocessing = 0;
		};
/* End PBXSourcesBuildPhase section */

/* Begin XCBuildConfiguration section */
		5B572366772276C3B6F9B9A8 /* Debug */ = {
			isa = XCBuildConfiguration;
			buildSettings = {
				ALWAYS_SEARCH_USER_PATHS = NO;
				CLANG_CXX_LANGUAGE_STANDARD = "gnu++0x";
				CLANG_CXX_LIBRARY = "libc++";
				CLANG_ENABLE_MODULES = YES;
				CLANG_ENABLE_OBJC_ARC = YES;
				CLANG_WARN_BOOL_CONVERSION = YES;
				CLANG_WARN_CONSTANT_CONVERSION = YES;
				CLANG_WARN_DIRECT_OBJC_ISA_USAGE = YES_ERROR;
				CLANG_WARN_EMPTY_BODY = YES;
				CLANG_WARN_ENUM_CONVERSION = YES;
				CLANG_WARN_INT_CONVERSION = YES;
				CLANG_WARN_OBJC_ROOT_CLASS = YES_ERROR;
				CLANG_WARN__DUPLICATE_METHOD_MATCH = YES;
				COPY_PHASE_STRIP = NO;
				GCC_C_LANGUAGE_STANDARD = gnu99;
				GCC_DYNAMIC_NO_PIC = NO;
				GCC_ENABLE_OBJC_EXCEPTIONS = YES;
				GCC_OPTIMIZATION_LEVEL = 0;
				GCC_PREPROCESSOR_DEFINITIONS = (
					"DEBUG=1",
					"$(inherited)",
				);
				GCC_SYMBOLS_PRIVATE_EXTERN = NO;
				GCC_WARN_64_TO_32_BIT_CONVERSION = YES;
				GCC_WARN_ABOUT_RETURN_TYPE = YES_ERROR;
				GCC_WARN_UNDECLARED_SELECTOR = YES;
				GCC_WARN_UNINITIALIZED_AUTOS = YES_AGGRESSIVE;
				GCC_WARN_UNUSED_FUNCTION = YES;
				GCC_WARN_UNUSED_VARIABLE = YES;
				MACOSX_DEPLOYMENT_TARGET = 10.9;
				ONLY_ACTIVE_ARCH = YES;
				SDKROOT = macosx;
			};
			name = Debug;
		};
		5B57260E7B9BFC3E24F4849D /* Debug */ = {
			isa = XCBuildConfiguration;
			buildSettings = {
				FRAMEWORK_SEARCH_PATHS = (
					"\"${PROJECT_DIR}/../../../../../../../usr/local/Cellar/boost/1.55.0_1/lib\"/**",
					"\"${PROJECT_DIR}/../../../../../../../usr/local/Cellar/boost/1.55.0_1/lib\"/**",
					"\"${PROJECT_DIR}/../../../../../../../usr/local/Cellar/boost/1.55.0_1/lib\"/**",
					"\"${PROJECT_DIR}/../../../../../../../usr/local/Cellar/boost/1.55.0_1/lib\"/**",
					"\"${PROJECT_DIR}/../../../../../../../usr/local/Cellar/boost/1.55.0_1/lib\"/**",
					"\"${PROJECT_DIR}/../../../../../../../usr/local/Cellar/boost/1.55.0_1/lib\"/**",
					"\"${PROJECT_DIR}/../../../../../../../usr/local/Cellar/boost/1.55.0_1/lib\"/**",
					"\"${PROJECT_DIR}/../../../../../../../usr/local/Cellar/boost/1.55.0_1/lib\"/**",
					"\"${PROJECT_DIR}/../../../../../../../usr/local/Cellar/boost/1.55.0_1/lib\"/**",
					"\"${PROJECT_DIR}/../../../../../../../usr/local/Cellar/boost/1.55.0_1/lib\"/**",
					"\"${PROJECT_DIR}/../../../../../../../usr/local/Cellar/boost/1.55.0_1/lib\"/**",
					"\"${PROJECT_DIR}/../../../../../../../usr/local/Cellar/boost/1.55.0_1/lib\"/**",
					"\"${PROJECT_DIR}/../../../../../../../usr/local/Cellar/boost/1.55.0_1/lib\"/**",
					"\"${PROJECT_DIR}/../../../../../../../usr/local/Cellar/boost/1.55.0_1/lib\"/**",
					"\"${PROJECT_DIR}/../../../../../../../usr/local/Cellar/boost/1.55.0_1/lib\"/**",
					"\"${PROJECT_DIR}/../../../../../../../usr/local/Cellar/boost/1.55.0_1/lib\"/**",
				);
				HEADER_SEARCH_PATHS = (
					/usr/local/Cellar/boost/1.55.0_1/include,
				);
				LIBRARY_SEARCH_PATHS = (
					/usr/local/Cellar/boost/1.55.0_1/lib,
				);
				PRODUCT_NAME = updatedb;
			};
			name = Debug;
		};
		5B57271283DEFA43047A43F9 /* Release */ = {
			isa = XCBuildConfiguration;
			buildSettings = {
				FRAMEWORK_SEARCH_PATHS = (
					"\"${PROJECT_DIR}/../../../../../../../usr/local/Cellar/boost/1.55.0_1/lib\"/**",
					"\"${PROJECT_DIR}/../../../../../../../usr/local/Cellar/boost/1.55.0_1/lib\"/**",
					"\"${PROJECT_DIR}/../../../../../../../usr/local/Cellar/boost/1.55.0_1/lib\"/**",
					"\"${PROJECT_DIR}/../../../../../../../usr/local/Cellar/boost/1.55.0_1/lib\"/**",
					"\"${PROJECT_DIR}/../../../../../../../usr/local/Cellar/boost/1.55.0_1/lib\"/**",
					"\"${PROJECT_DIR}/../../../../../../../usr/local/Cellar/boost/1.55.0_1/lib\"/**",
					"\"${PROJECT_DIR}/../../../../../../../usr/local/Cellar/boost/1.55.0_1/lib\"/**",
					"\"${PROJECT_DIR}/../../../../../../../usr/local/Cellar/boost/1.55.0_1/lib\"/**",
					"\"${PROJECT_DIR}/../../../../../../../usr/local/Cellar/boost/1.55.0_1/lib\"/**",
					"\"${PROJECT_DIR}/../../../../../../../usr/local/Cellar/boost/1.55.0_1/lib\"/**",
					"\"${PROJECT_DIR}/../../../../../../../usr/local/Cellar/boost/1.55.0_1/lib\"/**",
					"\"${PROJECT_DIR}/../../../../../../../usr/local/Cellar/boost/1.55.0_1/lib\"/**",
					"\"${PROJECT_DIR}/../../../../../../../usr/local/Cellar/boost/1.55.0_1/lib\"/**",
					"\"${PROJECT_DIR}/../../../../../../../usr/local/Cellar/boost/1.55.0_1/lib\"/**",
					"\"${PROJECT_DIR}/../../../../../../../usr/local/Cellar/boost/1.55.0_1/lib\"/**",
					"\"${PROJECT_DIR}/../../../../../../../usr/local/Cellar/boost/1.55.0_1/lib\"/**",
				);
				HEADER_SEARCH_PATHS = (
					/usr/local/Cellar/boost/1.55.0_1/include,
				);
				LIBRARY_SEARCH_PATHS = (
					/usr/local/Cellar/boost/1.55.0_1/lib,
				);
				PRODUCT_NAME = updatedb;
			};
			name = Release;
		};
		5B5728B783E3AE8D57A0BC38 /* Release */ = {
			isa = XCBuildConfiguration;
			buildSettings = {
				ALWAYS_SEARCH_USER_PATHS = NO;
				CLANG_CXX_LANGUAGE_STANDARD = "gnu++0x";
				CLANG_CXX_LIBRARY = "libc++";
				CLANG_ENABLE_MODULES = YES;
				CLANG_ENABLE_OBJC_ARC = YES;
				CLANG_WARN_BOOL_CONVERSION = YES;
				CLANG_WARN_CONSTANT_CONVERSION = YES;
				CLANG_WARN_DIRECT_OBJC_ISA_USAGE = YES_ERROR;
				CLANG_WARN_EMPTY_BODY = YES;
				CLANG_WARN_ENUM_CONVERSION = YES;
				CLANG_WARN_INT_CONVERSION = YES;
				CLANG_WARN_OBJC_ROOT_CLASS = YES_ERROR;
				CLANG_WARN__DUPLICATE_METHOD_MATCH = YES;
				COPY_PHASE_STRIP = YES;
				DEBUG_INFORMATION_FORMAT = "dwarf-with-dsym";
				ENABLE_NS_ASSERTIONS = NO;
				GCC_C_LANGUAGE_STANDARD = gnu99;
				GCC_ENABLE_OBJC_EXCEPTIONS = YES;
				GCC_WARN_64_TO_32_BIT_CONVERSION = YES;
				GCC_WARN_ABOUT_RETURN_TYPE = YES_ERROR;
				GCC_WARN_UNDECLARED_SELECTOR = YES;
				GCC_WARN_UNINITIALIZED_AUTOS = YES_AGGRESSIVE;
				GCC_WARN_UNUSED_FUNCTION = YES;
				GCC_WARN_UNUSED_VARIABLE = YES;
				MACOSX_DEPLOYMENT_TARGET = 10.9;
				SDKROOT = macosx;
			};
			name = Release;
		};
/* End XCBuildConfiguration section */

/* Begin XCConfigurationList section */
		5B5720FDAA753A739B0C0825 /* Build configuration list for PBXProject "LocateUpdate" */ = {
			isa = XCConfigurationList;
			buildConfigurations = (
				5B572366772276C3B6F9B9A8 /* Debug */,
				5B5728B783E3AE8D57A0BC38 /* Release */,
			);
			defaultConfigurationIsVisible = 0;
			defaultConfigurationName = Release;
		};
		5B572488CA51086C67ED64CD /* Build configuration list for PBXNativeTarget "LocateUpdate" */ = {
			isa = XCConfigurationList;
			buildConfigurations = (
				5B57260E7B9BFC3E24F4849D /* Debug */,
				5B57271283DEFA43047A43F9 /* Release */,
			);
			defaultConfigurationIsVisible = 0;
		};
/* End XCConfigurationList section */
	};
	rootObject = 5B5721A36BCFECBD9433533C /* Project object */;
}
