<?xml version="1.0" encoding="UTF-8"?>
<Scheme
   version = "1.3">
   <BuildAction>
      <BuildActionEntries>
         <BuildActionEntry
            buildForRunning = "YES">
            <BuildableReference
               BuildableIdentifier = "primary"
               BlueprintIdentifier = "5B5720E269DBE00555C79BD7"
               BuildableName = "updatedb"
               BlueprintName = "LocateUpdate"
               ReferencedContainer = "container:LocateUpdate.xcodeproj">
            </BuildableReference>
         </BuildActionEntry>
      </BuildActionEntries>
   </BuildAction>
   <LaunchAction
      useCustomWorkingDirectory = "NO"
      buildConfiguration = "Debug">
      <BuildableProductRunnable>
         <BuildableReference
            BuildableIdentifier = "primary"
            BlueprintIdentifier = "5B5720E269DBE00555C79BD7"
            BuildableName = "updatedb"
            BlueprintName = "LocateUpdate"
            ReferencedContainer = "container:LocateUpdate.xcodeproj">
         </BuildableReference>
      </BuildableProductRunnable>
      <CommandLineArguments>
         <CommandLineArgument
            argument = "--database-root"
            isEnabled = "YES">
         </CommandLineArgument>
         <CommandLineArgument
            argument = "/Users/doxer/Dropbox/Public"
            isEnabled = "YES">
         </CommandLineArgument>
         <CommandLineArgument
            argument = "--output"
            isEnabled = "YES">
         </CommandLineArgument>
         <CommandLineArgument
            argument = "index.db"
            isEnabled = "YES">
         </CommandLineArgument>
      </CommandLineArguments>
   </LaunchAction>
</Scheme>
